schema: '2.0'
stages:
  proprocess:
    cmd: python .\src\preprocess.py
    deps:
    - path: .\data\raw\
      hash: md5
      md5: 545df053583e0a21de84394fc6e1cf52.dir
      size: 2827956
      nfiles: 4
    - path: .\src\preprocess.py
      hash: md5
      md5: dede55440be05899685f461d21b0c376
      size: 1829
    outs:
    - path: .\data\preprocess\
      hash: md5
      md5: b0e2aa7258e4e5a2aac04678995aec8b.dir
      size: 33261446
      nfiles: 1
  model_building:
    cmd: python .\src\train.py
    deps:
    - path: .\data\preprocess\
      hash: md5
      md5: 213cc96ebfe02c42d3b4e5dfc98b847e.dir
      size: 75833101
      nfiles: 1
    - path: .\src\train.py
      hash: md5
      md5: 66e7454e75015d803603aff0dbe8b155
      size: 2582
    outs:
    - path: models\model.pkl
      hash: md5
      md5: 7128fd98ca649b9afdc0121829f5e8c0
      size: 65028084
  preprocess:
    cmd: python .\src\preprocess.py
    deps:
    - path: .\data\raw\
      hash: md5
      md5: a55e91f044e578cb00407fec1ca6adf5.dir
      size: 3036718
      nfiles: 4
    - path: .\src\preprocess.py
      hash: md5
      md5: 6f05e2f2d152efefd6a69711b53b9068
      size: 1957
    outs:
    - path: .\data\preprocess\
      hash: md5
      md5: 213cc96ebfe02c42d3b4e5dfc98b847e.dir
      size: 75833101
      nfiles: 1
    - path: .\models\lemma.pkl
      hash: md5
      md5: e15c045d1f5a7754f40d64dad2aaeec8
      size: 57
    - path: .\models\tfidf.pkl
      hash: md5
      md5: d0c7efd7dc2254815db5c23a238e45bd
      size: 18800
  evaluate:
    cmd: python .\src\evaluate.py
    deps:
    - path: .\src\evaluate.py
      hash: md5
      md5: 09e22cbf8d9399c714bc3f9f8520fad2
      size: 1720
    - path: models\lemma.pkl
      hash: md5
      md5: e15c045d1f5a7754f40d64dad2aaeec8
      size: 57
    - path: models\model.pkl
      hash: md5
      md5: 7128fd98ca649b9afdc0121829f5e8c0
      size: 65028084
    - path: models\tfidf.pkl
      hash: md5
      md5: d0c7efd7dc2254815db5c23a238e45bd
      size: 18800
